
Microsoft Visual Studio Solution File, Format Version 12.00
Project("{FAE04EC0-301F-11D3-BF4B-00C04F79EFBC}") = "Data-To-TXT-File", "Data-To-TXT-File\Data-To-TXT-File.csproj", "{182DEF65-5636-47CE-AEE3-6681EC444904}"
EndProject
Project("{FAE04EC0-301F-11D3-BF4B-00C04F79EFBC}") = "AttributeContent", "AttributeContent\AttributeContent.csproj", "{5A1495B5-E36C-4B91-B7C9-2661114F6DF4}"
EndProject
Project("{FAE04EC0-301F-11D3-BF4B-00C04F79EFBC}") = "SerializedOutput", "SerializedOutput\SerializedOutput.csproj", "{D5391064-4FAF-49D0-8467-5FA9FDEC99CD}"
EndProject
Project("{FAE04EC0-301F-11D3-BF4B-00C04F79EFBC}") = "Data-To-JSON", "Data-To-JSON\Data-To-JSON.csproj", "{C09FC8F3-3B90-40F5-AA4F-869209925E0E}"
EndProject
Project("{FAE04EC0-301F-11D3-BF4B-00C04F79EFBC}") = "Data-To-PDF", "Data-To-PDF\Data-To-PDF.csproj", "{03ACA613-8D4D-410B-8203-30E273D31056}"
EndProject
Project("{FAE04EC0-301F-11D3-BF4B-00C04F79EFBC}") = "DeserializedOutput", "DeserializedOutput\DeserializedOutput.csproj", "{BCA7FF48-AD10-489A-992F-CBD15D0D9E4F}"
EndProject
Project("{FAE04EC0-301F-11D3-BF4B-00C04F79EFBC}") = "JSON-To-Console", "JSON-To-Console\JSON-To-Console.csproj", "{8649DAA2-C124-480E-B65E-F74512255C09}"
EndProject
Project("{FAE04EC0-301F-11D3-BF4B-00C04F79EFBC}") = "TXT-To-Console", "TXT-To-Console\TXT-To-Console.csproj", "{92976C00-266C-479D-BD15-E750EBE6AA99}"
EndProject
Global
	GlobalSection(SolutionConfigurationPlatforms) = preSolution
		Debug|Any CPU = Debug|Any CPU
		Release|Any CPU = Release|Any CPU
	EndGlobalSection
	GlobalSection(ProjectConfigurationPlatforms) = postSolution
		{182DEF65-5636-47CE-AEE3-6681EC444904}.Debug|Any CPU.ActiveCfg = Debug|Any CPU
		{182DEF65-5636-47CE-AEE3-6681EC444904}.Debug|Any CPU.Build.0 = Debug|Any CPU
		{182DEF65-5636-47CE-AEE3-6681EC444904}.Release|Any CPU.ActiveCfg = Release|Any CPU
		{182DEF65-5636-47CE-AEE3-6681EC444904}.Release|Any CPU.Build.0 = Release|Any CPU
		{5A1495B5-E36C-4B91-B7C9-2661114F6DF4}.Debug|Any CPU.ActiveCfg = Debug|Any CPU
		{5A1495B5-E36C-4B91-B7C9-2661114F6DF4}.Debug|Any CPU.Build.0 = Debug|Any CPU
		{5A1495B5-E36C-4B91-B7C9-2661114F6DF4}.Release|Any CPU.ActiveCfg = Release|Any CPU
		{5A1495B5-E36C-4B91-B7C9-2661114F6DF4}.Release|Any CPU.Build.0 = Release|Any CPU
		{D5391064-4FAF-49D0-8467-5FA9FDEC99CD}.Debug|Any CPU.ActiveCfg = Debug|Any CPU
		{D5391064-4FAF-49D0-8467-5FA9FDEC99CD}.Debug|Any CPU.Build.0 = Debug|Any CPU
		{D5391064-4FAF-49D0-8467-5FA9FDEC99CD}.Release|Any CPU.ActiveCfg = Release|Any CPU
		{D5391064-4FAF-49D0-8467-5FA9FDEC99CD}.Release|Any CPU.Build.0 = Release|Any CPU
		{C09FC8F3-3B90-40F5-AA4F-869209925E0E}.Debug|Any CPU.ActiveCfg = Debug|Any CPU
		{C09FC8F3-3B90-40F5-AA4F-869209925E0E}.Debug|Any CPU.Build.0 = Debug|Any CPU
		{C09FC8F3-3B90-40F5-AA4F-869209925E0E}.Release|Any CPU.ActiveCfg = Release|Any CPU
		{C09FC8F3-3B90-40F5-AA4F-869209925E0E}.Release|Any CPU.Build.0 = Release|Any CPU
		{03ACA613-8D4D-410B-8203-30E273D31056}.Debug|Any CPU.ActiveCfg = Debug|Any CPU
		{03ACA613-8D4D-410B-8203-30E273D31056}.Debug|Any CPU.Build.0 = Debug|Any CPU
		{03ACA613-8D4D-410B-8203-30E273D31056}.Release|Any CPU.ActiveCfg = Release|Any CPU
		{03ACA613-8D4D-410B-8203-30E273D31056}.Release|Any CPU.Build.0 = Release|Any CPU
		{BCA7FF48-AD10-489A-992F-CBD15D0D9E4F}.Debug|Any CPU.ActiveCfg = Debug|Any CPU
		{BCA7FF48-AD10-489A-992F-CBD15D0D9E4F}.Debug|Any CPU.Build.0 = Debug|Any CPU
		{BCA7FF48-AD10-489A-992F-CBD15D0D9E4F}.Release|Any CPU.ActiveCfg = Release|Any CPU
		{BCA7FF48-AD10-489A-992F-CBD15D0D9E4F}.Release|Any CPU.Build.0 = Release|Any CPU
		{8649DAA2-C124-480E-B65E-F74512255C09}.Debug|Any CPU.ActiveCfg = Debug|Any CPU
		{8649DAA2-C124-480E-B65E-F74512255C09}.Debug|Any CPU.Build.0 = Debug|Any CPU
		{8649DAA2-C124-480E-B65E-F74512255C09}.Release|Any CPU.ActiveCfg = Release|Any CPU
		{8649DAA2-C124-480E-B65E-F74512255C09}.Release|Any CPU.Build.0 = Release|Any CPU
		{92976C00-266C-479D-BD15-E750EBE6AA99}.Debug|Any CPU.ActiveCfg = Debug|Any CPU
		{92976C00-266C-479D-BD15-E750EBE6AA99}.Debug|Any CPU.Build.0 = Debug|Any CPU
		{92976C00-266C-479D-BD15-E750EBE6AA99}.Release|Any CPU.ActiveCfg = Release|Any CPU
		{92976C00-266C-479D-BD15-E750EBE6AA99}.Release|Any CPU.Build.0 = Release|Any CPU
	EndGlobalSection
EndGlobal
